
Microsoft Visual Studio Solution File, Format Version 12.00
# Visual Studio Version 16
VisualStudioVersion = 16.0.810.25
MinimumVisualStudioVersion = 10.0.40219.1
Project("{FAE04EC0-301F-11D3-BF4B-00C04F79EFBC}") = "Assembly-CSharp", "Assembly-CSharp.csproj", "{7B1774B8-501F-BEBF-F796-3E33CC33916B}"
EndProject
Global
	GlobalSection(SolutionConfigurationPlatforms) = preSolution
		Debug|Any CPU = Debug|Any CPU
		Release|Any CPU = Release|Any CPU
	EndGlobalSection
	GlobalSection(ProjectConfigurationPlatforms) = postSolution
		{7B1774B8-501F-BEBF-F796-3E33CC33916B}.Debug|Any CPU.ActiveCfg = Debug|Any CPU
		{7B1774B8-501F-BEBF-F796-3E33CC33916B}.Debug|Any CPU.Build.0 = Debug|Any CPU
		{7B1774B8-501F-BEBF-F796-3E33CC33916B}.Release|Any CPU.ActiveCfg = Release|Any CPU
		{7B1774B8-501F-BEBF-F796-3E33CC33916B}.Release|Any CPU.Build.0 = Release|Any CPU
	EndGlobalSection
	GlobalSection(SolutionProperties) = preSolution
		HideSolutionNode = FALSE
	EndGlobalSection
	GlobalSection(ExtensibilityGlobals) = postSolution
		SolutionGuid = {75A2F953-58A0-4331-A3C7-C60FB648D2E9}
	EndGlobalSection
EndGlobal
